
Microsoft Visual Studio Solution File, Format Version 12.00
# Visual Studio 15
VisualStudioVersion = 15.0.28307.421
MinimumVisualStudioVersion = 10.0.40219.1
Project("{9092AA53-FB77-4645-B42D-1CCCA6BD08BD}") = "Typer", "Typer\Typer.njsproj", "{CD4D15E8-AB07-418C-8D76-C1E23107EDF6}"
EndProject
Global
	GlobalSection(SolutionConfigurationPlatforms) = preSolution
		Debug|Any CPU = Debug|Any CPU
		Release|Any CPU = Release|Any CPU
	EndGlobalSection
	GlobalSection(ProjectConfigurationPlatforms) = postSolution
		{CD4D15E8-AB07-418C-8D76-C1E23107EDF6}.Debug|Any CPU.ActiveCfg = Debug|Any CPU
		{CD4D15E8-AB07-418C-8D76-C1E23107EDF6}.Debug|Any CPU.Build.0 = Debug|Any CPU
		{CD4D15E8-AB07-418C-8D76-C1E23107EDF6}.Release|Any CPU.ActiveCfg = Release|Any CPU
		{CD4D15E8-AB07-418C-8D76-C1E23107EDF6}.Release|Any CPU.Build.0 = Release|Any CPU
	EndGlobalSection
	GlobalSection(SolutionProperties) = preSolution
		HideSolutionNode = FALSE
	EndGlobalSection
	GlobalSection(ExtensibilityGlobals) = postSolution
		SolutionGuid = {8D72B0FB-92FC-4306-A3B3-D0894697ABB8}
	EndGlobalSection
EndGlobal
